
Microsoft Visual Studio Solution File, Format Version 12.00
# Visual Studio 15
VisualStudioVersion = 15.0.26730.15
MinimumVisualStudioVersion = 10.0.40219.1
Project("{FAE04EC0-301F-11D3-BF4B-00C04F79EFBC}") = "EmployeeWebAPI", "EmployeeWebAPI\EmployeeWebAPI.csproj", "{83C4C3AA-ADDF-4E78-BBF1-FE4D0DF9E862}"
EndProject
Global
	GlobalSection(SolutionConfigurationPlatforms) = preSolution
		Debug|Any CPU = Debug|Any CPU
		Release|Any CPU = Release|Any CPU
	EndGlobalSection
	GlobalSection(ProjectConfigurationPlatforms) = postSolution
		{83C4C3AA-ADDF-4E78-BBF1-FE4D0DF9E862}.Debug|Any CPU.ActiveCfg = Debug|Any CPU
		{83C4C3AA-ADDF-4E78-BBF1-FE4D0DF9E862}.Debug|Any CPU.Build.0 = Debug|Any CPU
		{83C4C3AA-ADDF-4E78-BBF1-FE4D0DF9E862}.Release|Any CPU.ActiveCfg = Release|Any CPU
		{83C4C3AA-ADDF-4E78-BBF1-FE4D0DF9E862}.Release|Any CPU.Build.0 = Release|Any CPU
	EndGlobalSection
	GlobalSection(SolutionProperties) = preSolution
		HideSolutionNode = FALSE
	EndGlobalSection
	GlobalSection(ExtensibilityGlobals) = postSolution
		SolutionGuid = {E007A162-B863-434C-9ACA-4DF95CCB892D}
	EndGlobalSection
EndGlobal
