
Microsoft Visual Studio Solution File, Format Version 12.00
# Visual Studio 15
VisualStudioVersion = 15.0.26730.15
MinimumVisualStudioVersion = 10.0.40219.1
Project("{FAE04EC0-301F-11D3-BF4B-00C04F79EFBC}") = "EMPLOYEESTABLE_SQL_CONNECTION", "EMPLOYEESTABLE_SQL_CONNECTION\EMPLOYEESTABLE_SQL_CONNECTION.csproj", "{A2B0F92E-AB6A-492F-B058-101FF034824D}"
EndProject
Project("{FAE04EC0-301F-11D3-BF4B-00C04F79EFBC}") = "Angular_Connection_with_NPM", "Angular_Connection_with_NPM\Angular_Connection_with_NPM.csproj", "{EA53EB4B-7A88-4278-86DE-7ADCBA3D7F14}"
EndProject
Global
	GlobalSection(SolutionConfigurationPlatforms) = preSolution
		Debug|Any CPU = Debug|Any CPU
		Release|Any CPU = Release|Any CPU
	EndGlobalSection
	GlobalSection(ProjectConfigurationPlatforms) = postSolution
		{A2B0F92E-AB6A-492F-B058-101FF034824D}.Debug|Any CPU.ActiveCfg = Debug|Any CPU
		{A2B0F92E-AB6A-492F-B058-101FF034824D}.Debug|Any CPU.Build.0 = Debug|Any CPU
		{A2B0F92E-AB6A-492F-B058-101FF034824D}.Release|Any CPU.ActiveCfg = Release|Any CPU
		{A2B0F92E-AB6A-492F-B058-101FF034824D}.Release|Any CPU.Build.0 = Release|Any CPU
		{EA53EB4B-7A88-4278-86DE-7ADCBA3D7F14}.Debug|Any CPU.ActiveCfg = Debug|Any CPU
		{EA53EB4B-7A88-4278-86DE-7ADCBA3D7F14}.Debug|Any CPU.Build.0 = Debug|Any CPU
		{EA53EB4B-7A88-4278-86DE-7ADCBA3D7F14}.Release|Any CPU.ActiveCfg = Release|Any CPU
		{EA53EB4B-7A88-4278-86DE-7ADCBA3D7F14}.Release|Any CPU.Build.0 = Release|Any CPU
	EndGlobalSection
	GlobalSection(SolutionProperties) = preSolution
		HideSolutionNode = FALSE
	EndGlobalSection
	GlobalSection(ExtensibilityGlobals) = postSolution
		SolutionGuid = {506A236B-E35E-4F3A-8519-9D6566F2A1DB}
	EndGlobalSection
EndGlobal
