
Microsoft Visual Studio Solution File, Format Version 12.00
# Visual Studio 15
VisualStudioVersion = 15.0.26730.15
MinimumVisualStudioVersion = 10.0.40219.1
Project("{FAE04EC0-301F-11D3-BF4B-00C04F79EFBC}") = "with_.net-framework", "with_.net-framework\with_.net-framework.csproj", "{19B8290B-B6CC-42FA-8ED6-21EA97748E12}"
EndProject
Project("{FAE04EC0-301F-11D3-BF4B-00C04F79EFBC}") = "with_.net-frameworkClass", "with_.net-frameworkClass\with_.net-frameworkClass.csproj", "{FCD226BA-6902-4A44-BA08-56CC995E5A20}"
EndProject
Global
	GlobalSection(SolutionConfigurationPlatforms) = preSolution
		Debug|Any CPU = Debug|Any CPU
		Release|Any CPU = Release|Any CPU
	EndGlobalSection
	GlobalSection(ProjectConfigurationPlatforms) = postSolution
		{19B8290B-B6CC-42FA-8ED6-21EA97748E12}.Debug|Any CPU.ActiveCfg = Debug|Any CPU
		{19B8290B-B6CC-42FA-8ED6-21EA97748E12}.Debug|Any CPU.Build.0 = Debug|Any CPU
		{19B8290B-B6CC-42FA-8ED6-21EA97748E12}.Release|Any CPU.ActiveCfg = Release|Any CPU
		{19B8290B-B6CC-42FA-8ED6-21EA97748E12}.Release|Any CPU.Build.0 = Release|Any CPU
		{FCD226BA-6902-4A44-BA08-56CC995E5A20}.Debug|Any CPU.ActiveCfg = Debug|Any CPU
		{FCD226BA-6902-4A44-BA08-56CC995E5A20}.Debug|Any CPU.Build.0 = Debug|Any CPU
		{FCD226BA-6902-4A44-BA08-56CC995E5A20}.Release|Any CPU.ActiveCfg = Release|Any CPU
		{FCD226BA-6902-4A44-BA08-56CC995E5A20}.Release|Any CPU.Build.0 = Release|Any CPU
	EndGlobalSection
	GlobalSection(SolutionProperties) = preSolution
		HideSolutionNode = FALSE
	EndGlobalSection
	GlobalSection(ExtensibilityGlobals) = postSolution
		SolutionGuid = {11B874CD-F52C-4094-BEFC-EC6B44C98EEA}
	EndGlobalSection
EndGlobal
