
Microsoft Visual Studio Solution File, Format Version 12.00
# Visual Studio 15
VisualStudioVersion = 15.0.26730.15
MinimumVisualStudioVersion = 10.0.40219.1
Project("{FAE04EC0-301F-11D3-BF4B-00C04F79EFBC}") = "EmployeeServiceTwo", "EmployeeServiceTwo\EmployeeServiceTwo.csproj", "{FB25E8AB-2164-4E48-8BA2-2C90BD0D57FB}"
EndProject
Project("{FAE04EC0-301F-11D3-BF4B-00C04F79EFBC}") = "EmployeeDataAccess", "ClassLibrary2\EmployeeDataAccess.csproj", "{0DB22A68-1D2F-4866-8682-FA02B8BBCD38}"
EndProject
Global
	GlobalSection(SolutionConfigurationPlatforms) = preSolution
		Debug|Any CPU = Debug|Any CPU
		Release|Any CPU = Release|Any CPU
	EndGlobalSection
	GlobalSection(ProjectConfigurationPlatforms) = postSolution
		{FB25E8AB-2164-4E48-8BA2-2C90BD0D57FB}.Debug|Any CPU.ActiveCfg = Debug|Any CPU
		{FB25E8AB-2164-4E48-8BA2-2C90BD0D57FB}.Debug|Any CPU.Build.0 = Debug|Any CPU
		{FB25E8AB-2164-4E48-8BA2-2C90BD0D57FB}.Release|Any CPU.ActiveCfg = Release|Any CPU
		{FB25E8AB-2164-4E48-8BA2-2C90BD0D57FB}.Release|Any CPU.Build.0 = Release|Any CPU
		{0DB22A68-1D2F-4866-8682-FA02B8BBCD38}.Debug|Any CPU.ActiveCfg = Debug|Any CPU
		{0DB22A68-1D2F-4866-8682-FA02B8BBCD38}.Debug|Any CPU.Build.0 = Debug|Any CPU
		{0DB22A68-1D2F-4866-8682-FA02B8BBCD38}.Release|Any CPU.ActiveCfg = Release|Any CPU
		{0DB22A68-1D2F-4866-8682-FA02B8BBCD38}.Release|Any CPU.Build.0 = Release|Any CPU
	EndGlobalSection
	GlobalSection(SolutionProperties) = preSolution
		HideSolutionNode = FALSE
	EndGlobalSection
	GlobalSection(ExtensibilityGlobals) = postSolution
		SolutionGuid = {CD434BCA-8819-4C59-B672-E05607CC5203}
	EndGlobalSection
EndGlobal
