
Microsoft Visual Studio Solution File, Format Version 12.00
# Visual Studio 15
VisualStudioVersion = 15.0.26730.15
MinimumVisualStudioVersion = 10.0.40219.1
Project("{FAE04EC0-301F-11D3-BF4B-00C04F79EFBC}") = "WebApplication1", "WebApplication1\WebApplication1.csproj", "{B8250531-74BA-4852-8368-B2C8CFCD0D4E}"
EndProject
Project("{FAE04EC0-301F-11D3-BF4B-00C04F79EFBC}") = "WebApplication2", "WebApplication2\WebApplication2.csproj", "{ECC84B7F-84B4-491D-B3DD-2CC8121D47F9}"
EndProject
Global
	GlobalSection(SolutionConfigurationPlatforms) = preSolution
		Debug|Any CPU = Debug|Any CPU
		Release|Any CPU = Release|Any CPU
	EndGlobalSection
	GlobalSection(ProjectConfigurationPlatforms) = postSolution
		{B8250531-74BA-4852-8368-B2C8CFCD0D4E}.Debug|Any CPU.ActiveCfg = Debug|Any CPU
		{B8250531-74BA-4852-8368-B2C8CFCD0D4E}.Debug|Any CPU.Build.0 = Debug|Any CPU
		{B8250531-74BA-4852-8368-B2C8CFCD0D4E}.Release|Any CPU.ActiveCfg = Release|Any CPU
		{B8250531-74BA-4852-8368-B2C8CFCD0D4E}.Release|Any CPU.Build.0 = Release|Any CPU
		{ECC84B7F-84B4-491D-B3DD-2CC8121D47F9}.Debug|Any CPU.ActiveCfg = Debug|Any CPU
		{ECC84B7F-84B4-491D-B3DD-2CC8121D47F9}.Debug|Any CPU.Build.0 = Debug|Any CPU
		{ECC84B7F-84B4-491D-B3DD-2CC8121D47F9}.Release|Any CPU.ActiveCfg = Release|Any CPU
		{ECC84B7F-84B4-491D-B3DD-2CC8121D47F9}.Release|Any CPU.Build.0 = Release|Any CPU
	EndGlobalSection
	GlobalSection(SolutionProperties) = preSolution
		HideSolutionNode = FALSE
	EndGlobalSection
	GlobalSection(ExtensibilityGlobals) = postSolution
		SolutionGuid = {ED97314D-FE3F-49DB-B8F6-DBEB445CC2C1}
	EndGlobalSection
EndGlobal
