
Microsoft Visual Studio Solution File, Format Version 12.00
# Visual Studio 15
VisualStudioVersion = 15.0.26730.15
MinimumVisualStudioVersion = 10.0.40219.1
Project("{FAE04EC0-301F-11D3-BF4B-00C04F79EFBC}") = "WebApplication3", "WebApplication3\WebApplication3.csproj", "{CECCCED7-D6CB-43D8-8F66-4A64E6B5C684}"
EndProject
Project("{FAE04EC0-301F-11D3-BF4B-00C04F79EFBC}") = "main", "main\main.csproj", "{AF67ECFA-10A6-4E57-89D5-A0292EF699F8}"
EndProject
Global
	GlobalSection(SolutionConfigurationPlatforms) = preSolution
		Debug|Any CPU = Debug|Any CPU
		Release|Any CPU = Release|Any CPU
	EndGlobalSection
	GlobalSection(ProjectConfigurationPlatforms) = postSolution
		{CECCCED7-D6CB-43D8-8F66-4A64E6B5C684}.Debug|Any CPU.ActiveCfg = Debug|Any CPU
		{CECCCED7-D6CB-43D8-8F66-4A64E6B5C684}.Debug|Any CPU.Build.0 = Debug|Any CPU
		{CECCCED7-D6CB-43D8-8F66-4A64E6B5C684}.Release|Any CPU.ActiveCfg = Release|Any CPU
		{CECCCED7-D6CB-43D8-8F66-4A64E6B5C684}.Release|Any CPU.Build.0 = Release|Any CPU
		{AF67ECFA-10A6-4E57-89D5-A0292EF699F8}.Debug|Any CPU.ActiveCfg = Debug|Any CPU
		{AF67ECFA-10A6-4E57-89D5-A0292EF699F8}.Debug|Any CPU.Build.0 = Debug|Any CPU
		{AF67ECFA-10A6-4E57-89D5-A0292EF699F8}.Release|Any CPU.ActiveCfg = Release|Any CPU
		{AF67ECFA-10A6-4E57-89D5-A0292EF699F8}.Release|Any CPU.Build.0 = Release|Any CPU
	EndGlobalSection
	GlobalSection(SolutionProperties) = preSolution
		HideSolutionNode = FALSE
	EndGlobalSection
	GlobalSection(ExtensibilityGlobals) = postSolution
		SolutionGuid = {D5C58677-EE61-4FBC-BE0E-27E8C04D94C2}
	EndGlobalSection
EndGlobal
