
Microsoft Visual Studio Solution File, Format Version 12.00
# Visual Studio 15
VisualStudioVersion = 15.0.26730.15
MinimumVisualStudioVersion = 10.0.40219.1
Project("{FAE04EC0-301F-11D3-BF4B-00C04F79EFBC}") = "WindowsFormsApp2", "WindowsFormsApp2\WindowsFormsApp2.csproj", "{2273BA23-ED72-41A7-9F86-45F7BDC0A59A}"
EndProject
Global
	GlobalSection(SolutionConfigurationPlatforms) = preSolution
		Debug|Any CPU = Debug|Any CPU
		Release|Any CPU = Release|Any CPU
	EndGlobalSection
	GlobalSection(ProjectConfigurationPlatforms) = postSolution
		{2273BA23-ED72-41A7-9F86-45F7BDC0A59A}.Debug|Any CPU.ActiveCfg = Debug|Any CPU
		{2273BA23-ED72-41A7-9F86-45F7BDC0A59A}.Debug|Any CPU.Build.0 = Debug|Any CPU
		{2273BA23-ED72-41A7-9F86-45F7BDC0A59A}.Release|Any CPU.ActiveCfg = Release|Any CPU
		{2273BA23-ED72-41A7-9F86-45F7BDC0A59A}.Release|Any CPU.Build.0 = Release|Any CPU
	EndGlobalSection
	GlobalSection(SolutionProperties) = preSolution
		HideSolutionNode = FALSE
	EndGlobalSection
	GlobalSection(ExtensibilityGlobals) = postSolution
		SolutionGuid = {88AD0CF6-4176-4A45-8B74-24EF9442368D}
	EndGlobalSection
EndGlobal
